
Microsoft Visual Studio Solution File, Format Version 10.00
# Visual Studio 2008
Project("{FAE04EC0-301F-11D3-BF4B-00C04F79EFBC}") = "Assembly-CSharp", "Assembly-CSharp-cleaned-cleaned.csproj", "{691EE839-9027-46E1-9F0B-C108069A2DF2}"
EndProject
Global
	GlobalSection(SolutionConfigurationPlatforms) = preSolution
		Debug|Any CPU = Debug|Any CPU
		Release|Any CPU = Release|Any CPU
	EndGlobalSection
	GlobalSection(ProjectConfigurationPlatforms) = postSolution
		{691EE839-9027-46E1-9F0B-C108069A2DF2}.Debug|Any CPU.ActiveCfg = Debug|Any CPU
		{691EE839-9027-46E1-9F0B-C108069A2DF2}.Debug|Any CPU.Build.0 = Debug|Any CPU
		{691EE839-9027-46E1-9F0B-C108069A2DF2}.Release|Any CPU.ActiveCfg = Release|Any CPU
		{691EE839-9027-46E1-9F0B-C108069A2DF2}.Release|Any CPU.Build.0 = Release|Any CPU
	EndGlobalSection
	GlobalSection(SolutionProperties) = preSolution
		HideSolutionNode = FALSE
	EndGlobalSection
EndGlobal
